
Microsoft Visual Studio Solution File, Format Version 12.00
# Visual Studio Version 17
VisualStudioVersion = 17.0.32112.339
MinimumVisualStudioVersion = 10.0.40219.1
Project("{FAE04EC0-301F-11D3-BF4B-00C04F79EFBC}") = "BlackSquares", "BlackSquares.csproj", "{544DF245-E537-47CB-8076-F84BE13FD16C}"
EndProject
Global
	GlobalSection(SolutionConfigurationPlatforms) = preSolution
		Debug|Any CPU = Debug|Any CPU
		Release|Any CPU = Release|Any CPU
	EndGlobalSection
	GlobalSection(ProjectConfigurationPlatforms) = postSolution
		{544DF245-E537-47CB-8076-F84BE13FD16C}.Debug|Any CPU.ActiveCfg = Debug|Any CPU
		{544DF245-E537-47CB-8076-F84BE13FD16C}.Debug|Any CPU.Build.0 = Debug|Any CPU
		{544DF245-E537-47CB-8076-F84BE13FD16C}.Release|Any CPU.ActiveCfg = Release|Any CPU
		{544DF245-E537-47CB-8076-F84BE13FD16C}.Release|Any CPU.Build.0 = Release|Any CPU
	EndGlobalSection
	GlobalSection(SolutionProperties) = preSolution
		HideSolutionNode = FALSE
	EndGlobalSection
	GlobalSection(ExtensibilityGlobals) = postSolution
		SolutionGuid = {67F33A3F-38CB-4C5A-B4CB-A84DDA718BE4}
	EndGlobalSection
EndGlobal
